// !$*UTF8*$!
{
	archiveVersion = 1;
	classes = {
	};
	objectVersion = 56;
	objects = {

/* Begin PBXBuildFile section */
		6148B5C82B98CECD00D51A16 /* AppDelegate.swift in Sources */ = {isa = PBXBuildFile; fileRef = 6148B5C72B98CECD00D51A16 /* AppDelegate.swift */; };
		6148B5CA2B98CECD00D51A16 /* SceneDelegate.swift in Sources */ = {isa = PBXBuildFile; fileRef = 6148B5C92B98CECD00D51A16 /* SceneDelegate.swift */; };
		6148B5CC2B98CECD00D51A16 /* ViewController.swift in Sources */ = {isa = PBXBuildFile; fileRef = 6148B5CB2B98CECD00D51A16 /* ViewController.swift */; };
		6148B5CF2B98CECD00D51A16 /* Main.storyboard in Resources */ = {isa = PBXBuildFile; fileRef = 6148B5CD2B98CECD00D51A16 /* Main.storyboard */; };
		6148B5D12B98CECF00D51A16 /* Assets.xcassets in Resources */ = {isa = PBXBuildFile; fileRef = 6148B5D02B98CECF00D51A16 /* Assets.xcassets */; };
		6148B5D42B98CECF00D51A16 /* LaunchScreen.storyboard in Resources */ = {isa = PBXBuildFile; fileRef = 6148B5D22B98CECF00D51A16 /* LaunchScreen.storyboard */; };
		6148B5E12B98CEE300D51A16 /* SidemenuVC.swift in Sources */ = {isa = PBXBuildFile; fileRef = 6148B5DC2B98CEE300D51A16 /* SidemenuVC.swift */; };
		6148B5E22B98CEE300D51A16 /* FeedbackVC.swift in Sources */ = {isa = PBXBuildFile; fileRef = 6148B5DD2B98CEE300D51A16 /* FeedbackVC.swift */; };
		6148B5E32B98CEE300D51A16 /* sidemenuTblCell.swift in Sources */ = {isa = PBXBuildFile; fileRef = 6148B5DE2B98CEE300D51A16 /* sidemenuTblCell.swift */; };
		6148B5E42B98CEE300D51A16 /* Abtsvc.swift in Sources */ = {isa = PBXBuildFile; fileRef = 6148B5DF2B98CEE300D51A16 /* Abtsvc.swift */; };
		6148B5E52B98CEE300D51A16 /* howto.swift in Sources */ = {isa = PBXBuildFile; fileRef = 6148B5E02B98CEE300D51A16 /* howto.swift */; };
		6148B5E72B98CF7500D51A16 /* thirty.swift in Sources */ = {isa = PBXBuildFile; fileRef = 6148B5E62B98CF7500D51A16 /* thirty.swift */; };
		6148B5E92B98CF7E00D51A16 /* fourty.swift in Sources */ = {isa = PBXBuildFile; fileRef = 6148B5E82B98CF7E00D51A16 /* fourty.swift */; };
		6148B5EB2B98CF8D00D51A16 /* Equilateraltriangle.swift in Sources */ = {isa = PBXBuildFile; fileRef = 6148B5EA2B98CF8D00D51A16 /* Equilateraltriangle.swift */; };
		6148B5ED2B98CFA500D51A16 /* IsoscelesTriangle.swift in Sources */ = {isa = PBXBuildFile; fileRef = 6148B5EC2B98CFA500D51A16 /* IsoscelesTriangle.swift */; };
		BFBBFFEF421749BEEB93A691 /* Pods_TriciaDuct.framework in Frameworks */ = {isa = PBXBuildFile; fileRef = 0733C1E2C8A3374684E195A8 /* Pods_TriciaDuct.framework */; };
/* End PBXBuildFile section */

/* Begin PBXFileReference section */
		0733C1E2C8A3374684E195A8 /* Pods_TriciaDuct.framework */ = {isa = PBXFileReference; explicitFileType = wrapper.framework; includeInIndex = 0; path = Pods_TriciaDuct.framework; sourceTree = BUILT_PRODUCTS_DIR; };
		6148B5C42B98CECD00D51A16 /* TriciaDuct.app */ = {isa = PBXFileReference; explicitFileType = wrapper.application; includeInIndex = 0; path = TriciaDuct.app; sourceTree = BUILT_PRODUCTS_DIR; };
		6148B5C72B98CECD00D51A16 /* AppDelegate.swift */ = {isa = PBXFileReference; lastKnownFileType = sourcecode.swift; path = AppDelegate.swift; sourceTree = "<group>"; };
		6148B5C92B98CECD00D51A16 /* SceneDelegate.swift */ = {isa = PBXFileReference; lastKnownFileType = sourcecode.swift; path = SceneDelegate.swift; sourceTree = "<group>"; };
		6148B5CB2B98CECD00D51A16 /* ViewController.swift */ = {isa = PBXFileReference; lastKnownFileType = sourcecode.swift; path = ViewController.swift; sourceTree = "<group>"; };
		6148B5CE2B98CECD00D51A16 /* Base */ = {isa = PBXFileReference; lastKnownFileType = file.storyboard; name = Base; path = Base.lproj/Main.storyboard; sourceTree = "<group>"; };
		6148B5D02B98CECF00D51A16 /* Assets.xcassets */ = {isa = PBXFileReference; lastKnownFileType = folder.assetcatalog; path = Assets.xcassets; sourceTree = "<group>"; };
		6148B5D32B98CECF00D51A16 /* Base */ = {isa = PBXFileReference; lastKnownFileType = file.storyboard; name = Base; path = Base.lproj/LaunchScreen.storyboard; sourceTree = "<group>"; };
		6148B5D52B98CECF00D51A16 /* Info.plist */ = {isa = PBXFileReference; lastKnownFileType = text.plist.xml; path = Info.plist; sourceTree = "<group>"; };
		6148B5DC2B98CEE300D51A16 /* SidemenuVC.swift */ = {isa = PBXFileReference; fileEncoding = 4; lastKnownFileType = sourcecode.swift; path = SidemenuVC.swift; sourceTree = "<group>"; };
		6148B5DD2B98CEE300D51A16 /* FeedbackVC.swift */ = {isa = PBXFileReference; fileEncoding = 4; lastKnownFileType = sourcecode.swift; path = FeedbackVC.swift; sourceTree = "<group>"; };
		6148B5DE2B98CEE300D51A16 /* sidemenuTblCell.swift */ = {isa = PBXFileReference; fileEncoding = 4; lastKnownFileType = sourcecode.swift; path = sidemenuTblCell.swift; sourceTree = "<group>"; };
		6148B5DF2B98CEE300D51A16 /* Abtsvc.swift */ = {isa = PBXFileReference; fileEncoding = 4; lastKnownFileType = sourcecode.swift; path = Abtsvc.swift; sourceTree = "<group>"; };
		6148B5E02B98CEE300D51A16 /* howto.swift */ = {isa = PBXFileReference; fileEncoding = 4; lastKnownFileType = sourcecode.swift; path = howto.swift; sourceTree = "<group>"; };
		6148B5E62B98CF7500D51A16 /* thirty.swift */ = {isa = PBXFileReference; lastKnownFileType = sourcecode.swift; path = thirty.swift; sourceTree = "<group>"; };
		6148B5E82B98CF7E00D51A16 /* fourty.swift */ = {isa = PBXFileReference; lastKnownFileType = sourcecode.swift; path = fourty.swift; sourceTree = "<group>"; };
		6148B5EA2B98CF8D00D51A16 /* Equilateraltriangle.swift */ = {isa = PBXFileReference; lastKnownFileType = sourcecode.swift; path = Equilateraltriangle.swift; sourceTree = "<group>"; };
		6148B5EC2B98CFA500D51A16 /* IsoscelesTriangle.swift */ = {isa = PBXFileReference; lastKnownFileType = sourcecode.swift; path = IsoscelesTriangle.swift; sourceTree = "<group>"; };
		A43D6CB2F132CFBC843D4E33 /* Pods-TriciaDuct.debug.xcconfig */ = {isa = PBXFileReference; includeInIndex = 1; lastKnownFileType = text.xcconfig; name = "Pods-TriciaDuct.debug.xcconfig"; path = "Target Support Files/Pods-TriciaDuct/Pods-TriciaDuct.debug.xcconfig"; sourceTree = "<group>"; };
		BCB62865D57C504B0DEE3691 /* Pods-TriciaDuct.release.xcconfig */ = {isa = PBXFileReference; includeInIndex = 1; lastKnownFileType = text.xcconfig; name = "Pods-TriciaDuct.release.xcconfig"; path = "Target Support Files/Pods-TriciaDuct/Pods-TriciaDuct.release.xcconfig"; sourceTree = "<group>"; };
/* End PBXFileReference section */

/* Begin PBXFrameworksBuildPhase section */
		6148B5C12B98CECD00D51A16 /* Frameworks */ = {
			isa = PBXFrameworksBuildPhase;
			buildActionMask = 2147483647;
			files = (
				BFBBFFEF421749BEEB93A691 /* Pods_TriciaDuct.framework in Frameworks */,
			);
			runOnlyForDeploymentPostprocessing = 0;
		};
/* End PBXFrameworksBuildPhase section */

/* Begin PBXGroup section */
		09F64A87E50EA6840E42E22F /* Pods */ = {
			isa = PBXGroup;
			children = (
				A43D6CB2F132CFBC843D4E33 /* Pods-TriciaDuct.debug.xcconfig */,
				BCB62865D57C504B0DEE3691 /* Pods-TriciaDuct.release.xcconfig */,
			);
			path = Pods;
			sourceTree = "<group>";
		};
		6148B5BB2B98CECD00D51A16 = {
			isa = PBXGroup;
			children = (
				6148B5C62B98CECD00D51A16 /* TriciaDuct */,
				6148B5C52B98CECD00D51A16 /* Products */,
				09F64A87E50EA6840E42E22F /* Pods */,
				77785B95AD986E796CB00E67 /* Frameworks */,
			);
			sourceTree = "<group>";
		};
		6148B5C52B98CECD00D51A16 /* Products */ = {
			isa = PBXGroup;
			children = (
				6148B5C42B98CECD00D51A16 /* TriciaDuct.app */,
			);
			name = Products;
			sourceTree = "<group>";
		};
		6148B5C62B98CECD00D51A16 /* TriciaDuct */ = {
			isa = PBXGroup;
			children = (
				6148B5C72B98CECD00D51A16 /* AppDelegate.swift */,
				6148B5C92B98CECD00D51A16 /* SceneDelegate.swift */,
				6148B5CB2B98CECD00D51A16 /* ViewController.swift */,
				6148B5E62B98CF7500D51A16 /* thirty.swift */,
				6148B5E82B98CF7E00D51A16 /* fourty.swift */,
				6148B5EA2B98CF8D00D51A16 /* Equilateraltriangle.swift */,
				6148B5EC2B98CFA500D51A16 /* IsoscelesTriangle.swift */,
				6148B5DB2B98CEE300D51A16 /* Sidemenuvc */,
				6148B5CD2B98CECD00D51A16 /* Main.storyboard */,
				6148B5D02B98CECF00D51A16 /* Assets.xcassets */,
				6148B5D22B98CECF00D51A16 /* LaunchScreen.storyboard */,
				6148B5D52B98CECF00D51A16 /* Info.plist */,
			);
			path = TriciaDuct;
			sourceTree = "<group>";
		};
		6148B5DB2B98CEE300D51A16 /* Sidemenuvc */ = {
			isa = PBXGroup;
			children = (
				6148B5DC2B98CEE300D51A16 /* SidemenuVC.swift */,
				6148B5DD2B98CEE300D51A16 /* FeedbackVC.swift */,
				6148B5DE2B98CEE300D51A16 /* sidemenuTblCell.swift */,
				6148B5DF2B98CEE300D51A16 /* Abtsvc.swift */,
				6148B5E02B98CEE300D51A16 /* howto.swift */,
			);
			path = Sidemenuvc;
			sourceTree = "<group>";
		};
		77785B95AD986E796CB00E67 /* Frameworks */ = {
			isa = PBXGroup;
			children = (
				0733C1E2C8A3374684E195A8 /* Pods_TriciaDuct.framework */,
			);
			name = Frameworks;
			sourceTree = "<group>";
		};
/* End PBXGroup section */

/* Begin PBXNativeTarget section */
		6148B5C32B98CECD00D51A16 /* TriciaDuct */ = {
			isa = PBXNativeTarget;
			buildConfigurationList = 6148B5D82B98CECF00D51A16 /* Build configuration list for PBXNativeTarget "TriciaDuct" */;
			buildPhases = (
				B7B7EA06ADC6DD651A255380 /* [CP] Check Pods Manifest.lock */,
				6148B5C02B98CECD00D51A16 /* Sources */,
				6148B5C12B98CECD00D51A16 /* Frameworks */,
				6148B5C22B98CECD00D51A16 /* Resources */,
				0FD53BB4C30559C815173883 /* [CP] Embed Pods Frameworks */,
			);
			buildRules = (
			);
			dependencies = (
			);
			name = TriciaDuct;
			productName = TriciaDuct;
			productReference = 6148B5C42B98CECD00D51A16 /* TriciaDuct.app */;
			productType = "com.apple.product-type.application";
		};
/* End PBXNativeTarget section */

/* Begin PBXProject section */
		6148B5BC2B98CECD00D51A16 /* Project object */ = {
			isa = PBXProject;
			attributes = {
				BuildIndependentTargetsInParallel = 1;
				LastSwiftUpdateCheck = 1410;
				LastUpgradeCheck = 1410;
				TargetAttributes = {
					6148B5C32B98CECD00D51A16 = {
						CreatedOnToolsVersion = 14.1;
					};
				};
			};
			buildConfigurationList = 6148B5BF2B98CECD00D51A16 /* Build configuration list for PBXProject "TriciaDuct" */;
			compatibilityVersion = "Xcode 14.0";
			developmentRegion = en;
			hasScannedForEncodings = 0;
			knownRegions = (
				en,
				Base,
			);
			mainGroup = 6148B5BB2B98CECD00D51A16;
			productRefGroup = 6148B5C52B98CECD00D51A16 /* Products */;
			projectDirPath = "";
			projectRoot = "";
			targets = (
				6148B5C32B98CECD00D51A16 /* TriciaDuct */,
			);
		};
/* End PBXProject section */

/* Begin PBXResourcesBuildPhase section */
		6148B5C22B98CECD00D51A16 /* Resources */ = {
			isa = PBXResourcesBuildPhase;
			buildActionMask = 2147483647;
			files = (
				6148B5D42B98CECF00D51A16 /* LaunchScreen.storyboard in Resources */,
				6148B5D12B98CECF00D51A16 /* Assets.xcassets in Resources */,
				6148B5CF2B98CECD00D51A16 /* Main.storyboard in Resources */,
			);
			runOnlyForDeploymentPostprocessing = 0;
		};
/* End PBXResourcesBuildPhase section */

/* Begin PBXShellScriptBuildPhase section */
		0FD53BB4C30559C815173883 /* [CP] Embed Pods Frameworks */ = {
			isa = PBXShellScriptBuildPhase;
			buildActionMask = 2147483647;
			files = (
			);
			inputFileListPaths = (
				"${PODS_ROOT}/Target Support Files/Pods-TriciaDuct/Pods-TriciaDuct-frameworks-${CONFIGURATION}-input-files.xcfilelist",
			);
			name = "[CP] Embed Pods Frameworks";
			outputFileListPaths = (
				"${PODS_ROOT}/Target Support Files/Pods-TriciaDuct/Pods-TriciaDuct-frameworks-${CONFIGURATION}-output-files.xcfilelist",
			);
			runOnlyForDeploymentPostprocessing = 0;
			shellPath = /bin/sh;
			shellScript = "\"${PODS_ROOT}/Target Support Files/Pods-TriciaDuct/Pods-TriciaDuct-frameworks.sh\"\n";
			showEnvVarsInLog = 0;
		};
		B7B7EA06ADC6DD651A255380 /* [CP] Check Pods Manifest.lock */ = {
			isa = PBXShellScriptBuildPhase;
			buildActionMask = 2147483647;
			files = (
			);
			inputFileListPaths = (
			);
			inputPaths = (
				"${PODS_PODFILE_DIR_PATH}/Podfile.lock",
				"${PODS_ROOT}/Manifest.lock",
			);
			name = "[CP] Check Pods Manifest.lock";
			outputFileListPaths = (
			);
			outputPaths = (
				"$(DERIVED_FILE_DIR)/Pods-TriciaDuct-checkManifestLockResult.txt",
			);
			runOnlyForDeploymentPostprocessing = 0;
			shellPath = /bin/sh;
			shellScript = "diff \"${PODS_PODFILE_DIR_PATH}/Podfile.lock\" \"${PODS_ROOT}/Manifest.lock\" > /dev/null\nif [ $? != 0 ] ; then\n    # print error to STDERR\n    echo \"error: The sandbox is not in sync with the Podfile.lock. Run 'pod install' or update your CocoaPods installation.\" >&2\n    exit 1\nfi\n# This output is used by Xcode 'outputs' to avoid re-running this script phase.\necho \"SUCCESS\" > \"${SCRIPT_OUTPUT_FILE_0}\"\n";
			showEnvVarsInLog = 0;
		};
/* End PBXShellScriptBuildPhase section */

/* Begin PBXSourcesBuildPhase section */
		6148B5C02B98CECD00D51A16 /* Sources */ = {
			isa = PBXSourcesBuildPhase;
			buildActionMask = 2147483647;
			files = (
				6148B5E92B98CF7E00D51A16 /* fourty.swift in Sources */,
				6148B5CC2B98CECD00D51A16 /* ViewController.swift in Sources */,
				6148B5ED2B98CFA500D51A16 /* IsoscelesTriangle.swift in Sources */,
				6148B5E22B98CEE300D51A16 /* FeedbackVC.swift in Sources */,
				6148B5EB2B98CF8D00D51A16 /* Equilateraltriangle.swift in Sources */,
				6148B5E32B98CEE300D51A16 /* sidemenuTblCell.swift in Sources */,
				6148B5E42B98CEE300D51A16 /* Abtsvc.swift in Sources */,
				6148B5C82B98CECD00D51A16 /* AppDelegate.swift in Sources */,
				6148B5E12B98CEE300D51A16 /* SidemenuVC.swift in Sources */,
				6148B5CA2B98CECD00D51A16 /* SceneDelegate.swift in Sources */,
				6148B5E72B98CF7500D51A16 /* thirty.swift in Sources */,
				6148B5E52B98CEE300D51A16 /* howto.swift in Sources */,
			);
			runOnlyForDeploymentPostprocessing = 0;
		};
/* End PBXSourcesBuildPhase section */

/* Begin PBXVariantGroup section */
		6148B5CD2B98CECD00D51A16 /* Main.storyboard */ = {
			isa = PBXVariantGroup;
			children = (
				6148B5CE2B98CECD00D51A16 /* Base */,
			);
			name = Main.storyboard;
			sourceTree = "<group>";
		};
		6148B5D22B98CECF00D51A16 /* LaunchScreen.storyboard */ = {
			isa = PBXVariantGroup;
			children = (
				6148B5D32B98CECF00D51A16 /* Base */,
			);
			name = LaunchScreen.storyboard;
			sourceTree = "<group>";
		};
/* End PBXVariantGroup section */

/* Begin XCBuildConfiguration section */
		6148B5D62B98CECF00D51A16 /* Debug */ = {
			isa = XCBuildConfiguration;
			buildSettings = {
				ALWAYS_SEARCH_USER_PATHS = NO;
				CLANG_ANALYZER_NONNULL = YES;
				CLANG_ANALYZER_NUMBER_OBJECT_CONVERSION = YES_AGGRESSIVE;
				CLANG_CXX_LANGUAGE_STANDARD = "gnu++20";
				CLANG_ENABLE_MODULES = YES;
				CLANG_ENABLE_OBJC_ARC = YES;
				CLANG_ENABLE_OBJC_WEAK = YES;
				CLANG_WARN_BLOCK_CAPTURE_AUTORELEASING = YES;
				CLANG_WARN_BOOL_CONVERSION = YES;
				CLANG_WARN_COMMA = YES;
				CLANG_WARN_CONSTANT_CONVERSION = YES;
				CLANG_WARN_DEPRECATED_OBJC_IMPLEMENTATIONS = YES;
				CLANG_WARN_DIRECT_OBJC_ISA_USAGE = YES_ERROR;
				CLANG_WARN_DOCUMENTATION_COMMENTS = YES;
				CLANG_WARN_EMPTY_BODY = YES;
				CLANG_WARN_ENUM_CONVERSION = YES;
				CLANG_WARN_INFINITE_RECURSION = YES;
				CLANG_WARN_INT_CONVERSION = YES;
				CLANG_WARN_NON_LITERAL_NULL_CONVERSION = YES;
				CLANG_WARN_OBJC_IMPLICIT_RETAIN_SELF = YES;
				CLANG_WARN_OBJC_LITERAL_CONVERSION = YES;
				CLANG_WARN_OBJC_ROOT_CLASS = YES_ERROR;
				CLANG_WARN_QUOTED_INCLUDE_IN_FRAMEWORK_HEADER = YES;
				CLANG_WARN_RANGE_LOOP_ANALYSIS = YES;
				CLANG_WARN_STRICT_PROTOTYPES = YES;
				CLANG_WARN_SUSPICIOUS_MOVE = YES;
				CLANG_WARN_UNGUARDED_AVAILABILITY = YES_AGGRESSIVE;
				CLANG_WARN_UNREACHABLE_CODE = YES;
				CLANG_WARN__DUPLICATE_METHOD_MATCH = YES;
				COPY_PHASE_STRIP = NO;
				DEBUG_INFORMATION_FORMAT = dwarf;
				ENABLE_STRICT_OBJC_MSGSEND = YES;
				ENABLE_TESTABILITY = YES;
				GCC_C_LANGUAGE_STANDARD = gnu11;
				GCC_DYNAMIC_NO_PIC = NO;
				GCC_NO_COMMON_BLOCKS = YES;
				GCC_OPTIMIZATION_LEVEL = 0;
				GCC_PREPROCESSOR_DEFINITIONS = (
					"DEBUG=1",
					"$(inherited)",
				);
				GCC_WARN_64_TO_32_BIT_CONVERSION = YES;
				GCC_WARN_ABOUT_RETURN_TYPE = YES_ERROR;
				GCC_WARN_UNDECLARED_SELECTOR = YES;
				GCC_WARN_UNINITIALIZED_AUTOS = YES_AGGRESSIVE;
				GCC_WARN_UNUSED_FUNCTION = YES;
				GCC_WARN_UNUSED_VARIABLE = YES;
				IPHONEOS_DEPLOYMENT_TARGET = 16.1;
				MTL_ENABLE_DEBUG_INFO = INCLUDE_SOURCE;
				MTL_FAST_MATH = YES;
				ONLY_ACTIVE_ARCH = YES;
				SDKROOT = iphoneos;
				SWIFT_ACTIVE_COMPILATION_CONDITIONS = DEBUG;
				SWIFT_OPTIMIZATION_LEVEL = "-Onone";
			};
			name = Debug;
		};
		6148B5D72B98CECF00D51A16 /* Release */ = {
			isa = XCBuildConfiguration;
			buildSettings = {
				ALWAYS_SEARCH_USER_PATHS = NO;
				CLANG_ANALYZER_NONNULL = YES;
				CLANG_ANALYZER_NUMBER_OBJECT_CONVERSION = YES_AGGRESSIVE;
				CLANG_CXX_LANGUAGE_STANDARD = "gnu++20";
				CLANG_ENABLE_MODULES = YES;
				CLANG_ENABLE_OBJC_ARC = YES;
				CLANG_ENABLE_OBJC_WEAK = YES;
				CLANG_WARN_BLOCK_CAPTURE_AUTORELEASING = YES;
				CLANG_WARN_BOOL_CONVERSION = YES;
				CLANG_WARN_COMMA = YES;
				CLANG_WARN_CONSTANT_CONVERSION = YES;
				CLANG_WARN_DEPRECATED_OBJC_IMPLEMENTATIONS = YES;
				CLANG_WARN_DIRECT_OBJC_ISA_USAGE = YES_ERROR;
				CLANG_WARN_DOCUMENTATION_COMMENTS = YES;
				CLANG_WARN_EMPTY_BODY = YES;
				CLANG_WARN_ENUM_CONVERSION = YES;
				CLANG_WARN_INFINITE_RECURSION = YES;
				CLANG_WARN_INT_CONVERSION = YES;
				CLANG_WARN_NON_LITERAL_NULL_CONVERSION = YES;
				CLANG_WARN_OBJC_IMPLICIT_RETAIN_SELF = YES;
				CLANG_WARN_OBJC_LITERAL_CONVERSION = YES;
				CLANG_WARN_OBJC_ROOT_CLASS = YES_ERROR;
				CLANG_WARN_QUOTED_INCLUDE_IN_FRAMEWORK_HEADER = YES;
				CLANG_WARN_RANGE_LOOP_ANALYSIS = YES;
				CLANG_WARN_STRICT_PROTOTYPES = YES;
				CLANG_WARN_SUSPICIOUS_MOVE = YES;
				CLANG_WARN_UNGUARDED_AVAILABILITY = YES_AGGRESSIVE;
				CLANG_WARN_UNREACHABLE_CODE = YES;
				CLANG_WARN__DUPLICATE_METHOD_MATCH = YES;
				COPY_PHASE_STRIP = NO;
				DEBUG_INFORMATION_FORMAT = "dwarf-with-dsym";
				ENABLE_NS_ASSERTIONS = NO;
				ENABLE_STRICT_OBJC_MSGSEND = YES;
				GCC_C_LANGUAGE_STANDARD = gnu11;
				GCC_NO_COMMON_BLOCKS = YES;
				GCC_WARN_64_TO_32_BIT_CONVERSION = YES;
				GCC_WARN_ABOUT_RETURN_TYPE = YES_ERROR;
				GCC_WARN_UNDECLARED_SELECTOR = YES;
				GCC_WARN_UNINITIALIZED_AUTOS = YES_AGGRESSIVE;
				GCC_WARN_UNUSED_FUNCTION = YES;
				GCC_WARN_UNUSED_VARIABLE = YES;
				IPHONEOS_DEPLOYMENT_TARGET = 16.1;
				MTL_ENABLE_DEBUG_INFO = NO;
				MTL_FAST_MATH = YES;
				SDKROOT = iphoneos;
				SWIFT_COMPILATION_MODE = wholemodule;
				SWIFT_OPTIMIZATION_LEVEL = "-O";
				VALIDATE_PRODUCT = YES;
			};
			name = Release;
		};
		6148B5D92B98CECF00D51A16 /* Debug */ = {
			isa = XCBuildConfiguration;
			baseConfigurationReference = A43D6CB2F132CFBC843D4E33 /* Pods-TriciaDuct.debug.xcconfig */;
			buildSettings = {
				ASSETCATALOG_COMPILER_APPICON_NAME = AppIcon;
				ASSETCATALOG_COMPILER_GLOBAL_ACCENT_COLOR_NAME = AccentColor;
				CODE_SIGN_STYLE = Automatic;
				CURRENT_PROJECT_VERSION = 1;
				GENERATE_INFOPLIST_FILE = YES;
				INFOPLIST_FILE = TriciaDuct/Info.plist;
				INFOPLIST_KEY_CFBundleDisplayName = TriciaDuct;
				INFOPLIST_KEY_UIApplicationSupportsIndirectInputEvents = YES;
				INFOPLIST_KEY_UILaunchStoryboardName = LaunchScreen;
				INFOPLIST_KEY_UIMainStoryboardFile = Main;
				INFOPLIST_KEY_UISupportedInterfaceOrientations_iPad = "UIInterfaceOrientationPortrait UIInterfaceOrientationPortraitUpsideDown UIInterfaceOrientationLandscapeLeft UIInterfaceOrientationLandscapeRight";
				INFOPLIST_KEY_UISupportedInterfaceOrientations_iPhone = "UIInterfaceOrientationPortrait UIInterfaceOrientationLandscapeLeft UIInterfaceOrientationLandscapeRight";
				IPHONEOS_DEPLOYMENT_TARGET = 12.0;
				LD_RUNPATH_SEARCH_PATHS = (
					"$(inherited)",
					"@executable_path/Frameworks",
				);
				MARKETING_VERSION = 1.0;
				PRODUCT_BUNDLE_IDENTIFIER = com.firstproject11.TriciaDuct1;
				PRODUCT_NAME = "$(TARGET_NAME)";
				SUPPORTED_PLATFORMS = "iphoneos iphonesimulator";
				SUPPORTS_MACCATALYST = NO;
				SUPPORTS_MAC_DESIGNED_FOR_IPHONE_IPAD = NO;
				SWIFT_EMIT_LOC_STRINGS = YES;
				SWIFT_VERSION = 5.0;
				TARGETED_DEVICE_FAMILY = 1;
			};
			name = Debug;
		};
		6148B5DA2B98CECF00D51A16 /* Release */ = {
			isa = XCBuildConfiguration;
			baseConfigurationReference = BCB62865D57C504B0DEE3691 /* Pods-TriciaDuct.release.xcconfig */;
			buildSettings = {
				ASSETCATALOG_COMPILER_APPICON_NAME = AppIcon;
				ASSETCATALOG_COMPILER_GLOBAL_ACCENT_COLOR_NAME = AccentColor;
				CODE_SIGN_STYLE = Automatic;
				CURRENT_PROJECT_VERSION = 1;
				GENERATE_INFOPLIST_FILE = YES;
				INFOPLIST_FILE = TriciaDuct/Info.plist;
				INFOPLIST_KEY_CFBundleDisplayName = TriciaDuct;
				INFOPLIST_KEY_UIApplicationSupportsIndirectInputEvents = YES;
				INFOPLIST_KEY_UILaunchStoryboardName = LaunchScreen;
				INFOPLIST_KEY_UIMainStoryboardFile = Main;
				INFOPLIST_KEY_UISupportedInterfaceOrientations_iPad = "UIInterfaceOrientationPortrait UIInterfaceOrientationPortraitUpsideDown UIInterfaceOrientationLandscapeLeft UIInterfaceOrientationLandscapeRight";
				INFOPLIST_KEY_UISupportedInterfaceOrientations_iPhone = "UIInterfaceOrientationPortrait UIInterfaceOrientationLandscapeLeft UIInterfaceOrientationLandscapeRight";
				IPHONEOS_DEPLOYMENT_TARGET = 12.0;
				LD_RUNPATH_SEARCH_PATHS = (
					"$(inherited)",
					"@executable_path/Frameworks",
				);
				MARKETING_VERSION = 1.0;
				PRODUCT_BUNDLE_IDENTIFIER = com.firstproject11.TriciaDuct1;
				PRODUCT_NAME = "$(TARGET_NAME)";
				SUPPORTED_PLATFORMS = "iphoneos iphonesimulator";
				SUPPORTS_MACCATALYST = NO;
				SUPPORTS_MAC_DESIGNED_FOR_IPHONE_IPAD = NO;
				SWIFT_EMIT_LOC_STRINGS = YES;
				SWIFT_VERSION = 5.0;
				TARGETED_DEVICE_FAMILY = 1;
			};
			name = Release;
		};
/* End XCBuildConfiguration section */

/* Begin XCConfigurationList section */
		6148B5BF2B98CECD00D51A16 /* Build configuration list for PBXProject "TriciaDuct" */ = {
			isa = XCConfigurationList;
			buildConfigurations = (
				6148B5D62B98CECF00D51A16 /* Debug */,
				6148B5D72B98CECF00D51A16 /* Release */,
			);
			defaultConfigurationIsVisible = 0;
			defaultConfigurationName = Release;
		};
		6148B5D82B98CECF00D51A16 /* Build configuration list for PBXNativeTarget "TriciaDuct" */ = {
			isa = XCConfigurationList;
			buildConfigurations = (
				6148B5D92B98CECF00D51A16 /* Debug */,
				6148B5DA2B98CECF00D51A16 /* Release */,
			);
			defaultConfigurationIsVisible = 0;
			defaultConfigurationName = Release;
		};
/* End XCConfigurationList section */
	};
	rootObject = 6148B5BC2B98CECD00D51A16 /* Project object */;
}
